
Microsoft Visual Studio Solution File, Format Version 12.00
# Visual Studio Version 17
VisualStudioVersion = 17.4.33213.308
MinimumVisualStudioVersion = 10.0.40219.1
Project("{FAE04EC0-301F-11D3-BF4B-00C04F79EFBC}") = "Demo1", "Demo1\Demo1.csproj", "{3542CC24-1DF2-4497-A86B-D79C4961668E}"
EndProject
Project("{FAE04EC0-301F-11D3-BF4B-00C04F79EFBC}") = "Demo1.UnitTest", "Demo1.UnitTest\Demo1.UnitTest.csproj", "{DD914543-B1D9-47AF-A524-B2F754D9459B}"
EndProject
Global
	GlobalSection(SolutionConfigurationPlatforms) = preSolution
		Debug|Any CPU = Debug|Any CPU
		Release|Any CPU = Release|Any CPU
	EndGlobalSection
	GlobalSection(ProjectConfigurationPlatforms) = postSolution
		{3542CC24-1DF2-4497-A86B-D79C4961668E}.Debug|Any CPU.ActiveCfg = Debug|Any CPU
		{3542CC24-1DF2-4497-A86B-D79C4961668E}.Debug|Any CPU.Build.0 = Debug|Any CPU
		{3542CC24-1DF2-4497-A86B-D79C4961668E}.Release|Any CPU.ActiveCfg = Release|Any CPU
		{3542CC24-1DF2-4497-A86B-D79C4961668E}.Release|Any CPU.Build.0 = Release|Any CPU
		{DD914543-B1D9-47AF-A524-B2F754D9459B}.Debug|Any CPU.ActiveCfg = Debug|Any CPU
		{DD914543-B1D9-47AF-A524-B2F754D9459B}.Debug|Any CPU.Build.0 = Debug|Any CPU
		{DD914543-B1D9-47AF-A524-B2F754D9459B}.Release|Any CPU.ActiveCfg = Release|Any CPU
		{DD914543-B1D9-47AF-A524-B2F754D9459B}.Release|Any CPU.Build.0 = Release|Any CPU
	EndGlobalSection
	GlobalSection(SolutionProperties) = preSolution
		HideSolutionNode = FALSE
	EndGlobalSection
	GlobalSection(ExtensibilityGlobals) = postSolution
		SolutionGuid = {86A11045-7D93-4018-A409-58C0A9E167B1}
	EndGlobalSection
EndGlobal
